// !$*UTF8*$!
{
	archiveVersion = 1;
	classes = {
	};
	objectVersion = 56;
	objects = {

/* Begin PBXBuildFile section */
		A83D728E2A070BFA00119DB9 /* Colors.swift in Sources */ = {isa = PBXBuildFile; fileRef = A83D728D2A070BFA00119DB9 /* Colors.swift */; };
		A83D729A2A07938600119DB9 /* ComposableArchitecture in Frameworks */ = {isa = PBXBuildFile; productRef = A83D72992A07938600119DB9 /* ComposableArchitecture */; };
		A83D72C42A07A45100119DB9 /* SplashView.swift in Sources */ = {isa = PBXBuildFile; fileRef = A83D72C32A07A45100119DB9 /* SplashView.swift */; };
		A83D72C62A07A47600119DB9 /* LoginView.swift in Sources */ = {isa = PBXBuildFile; fileRef = A83D72C52A07A47600119DB9 /* LoginView.swift */; };
		A83D72C92A07A4EA00119DB9 /* Coordinator.swift in Sources */ = {isa = PBXBuildFile; fileRef = A83D72C82A07A4EA00119DB9 /* Coordinator.swift */; };
		A83D72CD2A07A82D00119DB9 /* CoordinatorView.swift in Sources */ = {isa = PBXBuildFile; fileRef = A83D72CC2A07A82D00119DB9 /* CoordinatorView.swift */; };
		A83D72CF2A07AAC100119DB9 /* SignUpView.swift in Sources */ = {isa = PBXBuildFile; fileRef = A83D72CE2A07AAC100119DB9 /* SignUpView.swift */; };
		A83D72D82A07E5D000119DB9 /* LoginDomain.swift in Sources */ = {isa = PBXBuildFile; fileRef = A83D72D72A07E5D000119DB9 /* LoginDomain.swift */; };
		A83E86F82A0CC6CC005CB09D /* GLNavBarTitleView.swift in Sources */ = {isa = PBXBuildFile; fileRef = A83E86F72A0CC6CC005CB09D /* GLNavBarTitleView.swift */; };
		A878E4962A09D55800B97358 /* FontManager.swift in Sources */ = {isa = PBXBuildFile; fileRef = A878E4952A09D55800B97358 /* FontManager.swift */; };
		A878E4A52A09E49C00B97358 /* Const.swift in Sources */ = {isa = PBXBuildFile; fileRef = A878E4A42A09E49C00B97358 /* Const.swift */; };
		A8F10D7F2A008FB50015EC23 /* SagakSagakApp.swift in Sources */ = {isa = PBXBuildFile; fileRef = A8F10D7E2A008FB50015EC23 /* SagakSagakApp.swift */; };
		A8F10D832A008FB60015EC23 /* Assets.xcassets in Resources */ = {isa = PBXBuildFile; fileRef = A8F10D822A008FB60015EC23 /* Assets.xcassets */; };
		A8F10D862A008FB60015EC23 /* Preview Assets.xcassets in Resources */ = {isa = PBXBuildFile; fileRef = A8F10D852A008FB60015EC23 /* Preview Assets.xcassets */; };
		BF791C4D2A0A338700BA00D2 /* DrawingView.swift in Sources */ = {isa = PBXBuildFile; fileRef = BF791C4C2A0A338700BA00D2 /* DrawingView.swift */; };
		BF791C512A0A339B00BA00D2 /* Line.swift in Sources */ = {isa = PBXBuildFile; fileRef = BF791C502A0A339B00BA00D2 /* Line.swift */; };
		BF791C532A0A37EE00BA00D2 /* NanumSquareRoundL.ttf in Resources */ = {isa = PBXBuildFile; fileRef = BF791C522A0A37EE00BA00D2 /* NanumSquareRoundL.ttf */; };
		BF791C552A0A37FF00BA00D2 /* NanumSquareRoundEB.ttf in Resources */ = {isa = PBXBuildFile; fileRef = BF791C542A0A37FF00BA00D2 /* NanumSquareRoundEB.ttf */; };
		BF791C572A0A380700BA00D2 /* NanumSquareRoundB.ttf in Resources */ = {isa = PBXBuildFile; fileRef = BF791C562A0A380700BA00D2 /* NanumSquareRoundB.ttf */; };
		BF791C592A0A381500BA00D2 /* NanumSquareRoundR.ttf in Resources */ = {isa = PBXBuildFile; fileRef = BF791C582A0A381500BA00D2 /* NanumSquareRoundR.ttf */; };
		BFCE55272A0B8D4B003A85CA /* CharacterExpressView.swift in Sources */ = {isa = PBXBuildFile; fileRef = BFCE55242A0B8D4B003A85CA /* CharacterExpressView.swift */; };
		BFCE55282A0B8D4B003A85CA /* FaceView.swift in Sources */ = {isa = PBXBuildFile; fileRef = BFCE55252A0B8D4B003A85CA /* FaceView.swift */; };
		BFCE55292A0B8D4B003A85CA /* ExpressView.swift in Sources */ = {isa = PBXBuildFile; fileRef = BFCE55262A0B8D4B003A85CA /* ExpressView.swift */; };
/* End PBXBuildFile section */

/* Begin PBXFileReference section */
		A83D728D2A070BFA00119DB9 /* Colors.swift */ = {isa = PBXFileReference; lastKnownFileType = sourcecode.swift; path = Colors.swift; sourceTree = "<group>"; };
		A83D72C32A07A45100119DB9 /* SplashView.swift */ = {isa = PBXFileReference; lastKnownFileType = sourcecode.swift; path = SplashView.swift; sourceTree = "<group>"; };
		A83D72C52A07A47600119DB9 /* LoginView.swift */ = {isa = PBXFileReference; lastKnownFileType = sourcecode.swift; path = LoginView.swift; sourceTree = "<group>"; };
		A83D72C82A07A4EA00119DB9 /* Coordinator.swift */ = {isa = PBXFileReference; lastKnownFileType = sourcecode.swift; path = Coordinator.swift; sourceTree = "<group>"; };
		A83D72CC2A07A82D00119DB9 /* CoordinatorView.swift */ = {isa = PBXFileReference; lastKnownFileType = sourcecode.swift; path = CoordinatorView.swift; sourceTree = "<group>"; };
		A83D72CE2A07AAC100119DB9 /* SignUpView.swift */ = {isa = PBXFileReference; lastKnownFileType = sourcecode.swift; path = SignUpView.swift; sourceTree = "<group>"; };
		A83D72D72A07E5D000119DB9 /* LoginDomain.swift */ = {isa = PBXFileReference; lastKnownFileType = sourcecode.swift; path = LoginDomain.swift; sourceTree = "<group>"; };
		A83E86F72A0CC6CC005CB09D /* GLNavBarTitleView.swift */ = {isa = PBXFileReference; lastKnownFileType = sourcecode.swift; path = GLNavBarTitleView.swift; sourceTree = "<group>"; };
		A878E4952A09D55800B97358 /* FontManager.swift */ = {isa = PBXFileReference; lastKnownFileType = sourcecode.swift; path = FontManager.swift; sourceTree = "<group>"; };
		A878E4982A09D8A100B97358 /* Info.plist */ = {isa = PBXFileReference; lastKnownFileType = text.plist; path = Info.plist; sourceTree = "<group>"; };
		A878E4A42A09E49C00B97358 /* Const.swift */ = {isa = PBXFileReference; lastKnownFileType = sourcecode.swift; path = Const.swift; sourceTree = "<group>"; };
		A8F10D7B2A008FB50015EC23 /* SagakSagak.app */ = {isa = PBXFileReference; explicitFileType = wrapper.application; includeInIndex = 0; path = SagakSagak.app; sourceTree = BUILT_PRODUCTS_DIR; };
		A8F10D7E2A008FB50015EC23 /* SagakSagakApp.swift */ = {isa = PBXFileReference; lastKnownFileType = sourcecode.swift; path = SagakSagakApp.swift; sourceTree = "<group>"; };
		A8F10D822A008FB60015EC23 /* Assets.xcassets */ = {isa = PBXFileReference; lastKnownFileType = folder.assetcatalog; path = Assets.xcassets; sourceTree = "<group>"; };
		A8F10D852A008FB60015EC23 /* Preview Assets.xcassets */ = {isa = PBXFileReference; lastKnownFileType = folder.assetcatalog; path = "Preview Assets.xcassets"; sourceTree = "<group>"; };
		BF791C4C2A0A338700BA00D2 /* DrawingView.swift */ = {isa = PBXFileReference; fileEncoding = 4; lastKnownFileType = sourcecode.swift; path = DrawingView.swift; sourceTree = "<group>"; };
		BF791C502A0A339B00BA00D2 /* Line.swift */ = {isa = PBXFileReference; fileEncoding = 4; lastKnownFileType = sourcecode.swift; path = Line.swift; sourceTree = "<group>"; };
		BF791C522A0A37EE00BA00D2 /* NanumSquareRoundL.ttf */ = {isa = PBXFileReference; lastKnownFileType = file; path = NanumSquareRoundL.ttf; sourceTree = "<group>"; };
		BF791C542A0A37FF00BA00D2 /* NanumSquareRoundEB.ttf */ = {isa = PBXFileReference; lastKnownFileType = file; path = NanumSquareRoundEB.ttf; sourceTree = "<group>"; };
		BF791C562A0A380700BA00D2 /* NanumSquareRoundB.ttf */ = {isa = PBXFileReference; lastKnownFileType = file; path = NanumSquareRoundB.ttf; sourceTree = "<group>"; };
		BF791C582A0A381500BA00D2 /* NanumSquareRoundR.ttf */ = {isa = PBXFileReference; lastKnownFileType = file; path = NanumSquareRoundR.ttf; sourceTree = "<group>"; };
		BFCE55242A0B8D4B003A85CA /* CharacterExpressView.swift */ = {isa = PBXFileReference; fileEncoding = 4; lastKnownFileType = sourcecode.swift; path = CharacterExpressView.swift; sourceTree = "<group>"; };
		BFCE55252A0B8D4B003A85CA /* FaceView.swift */ = {isa = PBXFileReference; fileEncoding = 4; lastKnownFileType = sourcecode.swift; path = FaceView.swift; sourceTree = "<group>"; };
		BFCE55262A0B8D4B003A85CA /* ExpressView.swift */ = {isa = PBXFileReference; fileEncoding = 4; lastKnownFileType = sourcecode.swift; path = ExpressView.swift; sourceTree = "<group>"; };
/* End PBXFileReference section */

/* Begin PBXFrameworksBuildPhase section */
		A8F10D782A008FB50015EC23 /* Frameworks */ = {
			isa = PBXFrameworksBuildPhase;
			buildActionMask = 2147483647;
			files = (
				A83D729A2A07938600119DB9 /* ComposableArchitecture in Frameworks */,
			);
			runOnlyForDeploymentPostprocessing = 0;
		};
/* End PBXFrameworksBuildPhase section */

/* Begin PBXGroup section */
		A83D728B2A070BDB00119DB9 /* DesignSystem */ = {
			isa = PBXGroup;
			children = (
				A878E4A42A09E49C00B97358 /* Const.swift */,
				A83E86F62A0CC6B8005CB09D /* Component */,
				A83D728C2A070BEF00119DB9 /* Color */,
				A878E48F2A09D49400B97358 /* Font */,
				A8F10D822A008FB60015EC23 /* Assets.xcassets */,
			);
			path = DesignSystem;
			sourceTree = "<group>";
		};
		A83D728C2A070BEF00119DB9 /* Color */ = {
			isa = PBXGroup;
			children = (
				A83D728D2A070BFA00119DB9 /* Colors.swift */,
			);
			path = Color;
			sourceTree = "<group>";
		};
		A83D72972A07934E00119DB9 /* View */ = {
			isa = PBXGroup;
			children = (
				A8F10D7E2A008FB50015EC23 /* SagakSagakApp.swift */,
				A83D72D02A07AB9A00119DB9 /* Splash */,
				A83D72D12A07ABA700119DB9 /* Login */,
				BFCE55232A0B8D23003A85CA /* FaceExpress */,
				BF791C4B2A0A332900BA00D2 /* Drawing */,
				A83D72D22A07ABB300119DB9 /* SignUp */,
			);
			name = View;
			path = ../View;
			sourceTree = "<group>";
		};
		A83D72C72A07A4A300119DB9 /* Coordinator */ = {
			isa = PBXGroup;
			children = (
				A83D72C82A07A4EA00119DB9 /* Coordinator.swift */,
				A83D72CC2A07A82D00119DB9 /* CoordinatorView.swift */,
			);
			path = Coordinator;
			sourceTree = "<group>";
		};
		A83D72D02A07AB9A00119DB9 /* Splash */ = {
			isa = PBXGroup;
			children = (
				A83D72C32A07A45100119DB9 /* SplashView.swift */,
			);
			path = Splash;
			sourceTree = "<group>";
		};
		A83D72D12A07ABA700119DB9 /* Login */ = {
			isa = PBXGroup;
			children = (
				A83D72D72A07E5D000119DB9 /* LoginDomain.swift */,
				A83D72C52A07A47600119DB9 /* LoginView.swift */,
			);
			path = Login;
			sourceTree = "<group>";
		};
		A83D72D22A07ABB300119DB9 /* SignUp */ = {
			isa = PBXGroup;
			children = (
				A83D72CE2A07AAC100119DB9 /* SignUpView.swift */,
			);
			path = SignUp;
			sourceTree = "<group>";
		};
		A83E86F62A0CC6B8005CB09D /* Component */ = {
			isa = PBXGroup;
			children = (
				A83E86F72A0CC6CC005CB09D /* GLNavBarTitleView.swift */,
			);
			path = Component;
			sourceTree = "<group>";
		};
		A878E48F2A09D49400B97358 /* Font */ = {
			isa = PBXGroup;
			children = (
				A878E4952A09D55800B97358 /* FontManager.swift */,
				A878E4902A09D4A600B97358 /* NanumSquareRound */,
			);
			path = Font;
			sourceTree = "<group>";
		};
		A878E4902A09D4A600B97358 /* NanumSquareRound */ = {
			isa = PBXGroup;
			children = (
				BF791C582A0A381500BA00D2 /* NanumSquareRoundR.ttf */,
				BF791C562A0A380700BA00D2 /* NanumSquareRoundB.ttf */,
				BF791C542A0A37FF00BA00D2 /* NanumSquareRoundEB.ttf */,
				BF791C522A0A37EE00BA00D2 /* NanumSquareRoundL.ttf */,
			);
			path = NanumSquareRound;
			sourceTree = "<group>";
		};
		A8F10D722A008FB50015EC23 = {
			isa = PBXGroup;
			children = (
				A8F10D7D2A008FB50015EC23 /* SagakSagak */,
				A8F10D7C2A008FB50015EC23 /* Products */,
			);
			sourceTree = "<group>";
		};
		A8F10D7C2A008FB50015EC23 /* Products */ = {
			isa = PBXGroup;
			children = (
				A8F10D7B2A008FB50015EC23 /* SagakSagak.app */,
			);
			name = Products;
			sourceTree = "<group>";
		};
		A8F10D7D2A008FB50015EC23 /* SagakSagak */ = {
			isa = PBXGroup;
			children = (
				A878E4982A09D8A100B97358 /* Info.plist */,
				A83D72C72A07A4A300119DB9 /* Coordinator */,
				A83D72972A07934E00119DB9 /* View */,
				A83D728B2A070BDB00119DB9 /* DesignSystem */,
				A8F10D842A008FB60015EC23 /* Preview Content */,
			);
			path = SagakSagak;
			sourceTree = "<group>";
		};
		A8F10D842A008FB60015EC23 /* Preview Content */ = {
			isa = PBXGroup;
			children = (
				A8F10D852A008FB60015EC23 /* Preview Assets.xcassets */,
			);
			path = "Preview Content";
			sourceTree = "<group>";
		};
		BF791C4B2A0A332900BA00D2 /* Drawing */ = {
			isa = PBXGroup;
			children = (
				BF791C4C2A0A338700BA00D2 /* DrawingView.swift */,
				BF791C502A0A339B00BA00D2 /* Line.swift */,
			);
			path = Drawing;
			sourceTree = "<group>";
		};
		BFCE55232A0B8D23003A85CA /* FaceExpress */ = {
			isa = PBXGroup;
			children = (
				BFCE55262A0B8D4B003A85CA /* ExpressView.swift */,
				BFCE55242A0B8D4B003A85CA /* CharacterExpressView.swift */,
				BFCE55252A0B8D4B003A85CA /* FaceView.swift */,
			);
			path = FaceExpress;
			sourceTree = "<group>";
		};
/* End PBXGroup section */

/* Begin PBXNativeTarget section */
		A8F10D7A2A008FB50015EC23 /* SagakSagak */ = {
			isa = PBXNativeTarget;
			buildConfigurationList = A8F10D892A008FB60015EC23 /* Build configuration list for PBXNativeTarget "SagakSagak" */;
			buildPhases = (
				A8F10D772A008FB50015EC23 /* Sources */,
				A8F10D782A008FB50015EC23 /* Frameworks */,
				A8F10D792A008FB50015EC23 /* Resources */,
			);
			buildRules = (
			);
			dependencies = (
			);
			name = SagakSagak;
			packageProductDependencies = (
				A83D72992A07938600119DB9 /* ComposableArchitecture */,
			);
			productName = SagakSagak;
			productReference = A8F10D7B2A008FB50015EC23 /* SagakSagak.app */;
			productType = "com.apple.product-type.application";
		};
/* End PBXNativeTarget section */

/* Begin PBXProject section */
		A8F10D732A008FB50015EC23 /* Project object */ = {
			isa = PBXProject;
			attributes = {
				BuildIndependentTargetsInParallel = 1;
				LastSwiftUpdateCheck = 1430;
				LastUpgradeCheck = 1430;
				TargetAttributes = {
					A8F10D7A2A008FB50015EC23 = {
						CreatedOnToolsVersion = 14.3;
					};
				};
			};
			buildConfigurationList = A8F10D762A008FB50015EC23 /* Build configuration list for PBXProject "SagakSagak" */;
			compatibilityVersion = "Xcode 14.0";
			developmentRegion = en;
			hasScannedForEncodings = 0;
			knownRegions = (
				en,
				Base,
			);
			mainGroup = A8F10D722A008FB50015EC23;
			packageReferences = (
				A83D72982A07938600119DB9 /* XCRemoteSwiftPackageReference "swift-composable-architecture" */,
			);
			productRefGroup = A8F10D7C2A008FB50015EC23 /* Products */;
			projectDirPath = "";
			projectRoot = "";
			targets = (
				A8F10D7A2A008FB50015EC23 /* SagakSagak */,
			);
		};
/* End PBXProject section */

/* Begin PBXResourcesBuildPhase section */
		A8F10D792A008FB50015EC23 /* Resources */ = {
			isa = PBXResourcesBuildPhase;
			buildActionMask = 2147483647;
			files = (
				A8F10D862A008FB60015EC23 /* Preview Assets.xcassets in Resources */,
				BF791C552A0A37FF00BA00D2 /* NanumSquareRoundEB.ttf in Resources */,
				A8F10D832A008FB60015EC23 /* Assets.xcassets in Resources */,
				BF791C532A0A37EE00BA00D2 /* NanumSquareRoundL.ttf in Resources */,
				BF791C572A0A380700BA00D2 /* NanumSquareRoundB.ttf in Resources */,
				BF791C592A0A381500BA00D2 /* NanumSquareRoundR.ttf in Resources */,
			);
			runOnlyForDeploymentPostprocessing = 0;
		};
/* End PBXResourcesBuildPhase section */

/* Begin PBXSourcesBuildPhase section */
		A8F10D772A008FB50015EC23 /* Sources */ = {
			isa = PBXSourcesBuildPhase;
			buildActionMask = 2147483647;
			files = (
				A83D72C42A07A45100119DB9 /* SplashView.swift in Sources */,
				BFCE55292A0B8D4B003A85CA /* ExpressView.swift in Sources */,
				BF791C4D2A0A338700BA00D2 /* DrawingView.swift in Sources */,
				A83D72D82A07E5D000119DB9 /* LoginDomain.swift in Sources */,
				A83D72CD2A07A82D00119DB9 /* CoordinatorView.swift in Sources */,
				A83D72C92A07A4EA00119DB9 /* Coordinator.swift in Sources */,
				A878E4962A09D55800B97358 /* FontManager.swift in Sources */,
				BF791C512A0A339B00BA00D2 /* Line.swift in Sources */,
				A83D72CF2A07AAC100119DB9 /* SignUpView.swift in Sources */,
				A83D728E2A070BFA00119DB9 /* Colors.swift in Sources */,
				A83D72C62A07A47600119DB9 /* LoginView.swift in Sources */,
				A8F10D7F2A008FB50015EC23 /* SagakSagakApp.swift in Sources */,
				A83E86F82A0CC6CC005CB09D /* GLNavBarTitleView.swift in Sources */,
				A878E4A52A09E49C00B97358 /* Const.swift in Sources */,
				BFCE55272A0B8D4B003A85CA /* CharacterExpressView.swift in Sources */,
				BFCE55282A0B8D4B003A85CA /* FaceView.swift in Sources */,
			);
			runOnlyForDeploymentPostprocessing = 0;
		};
/* End PBXSourcesBuildPhase section */

/* Begin XCBuildConfiguration section */
		A8F10D872A008FB60015EC23 /* Debug */ = {
			isa = XCBuildConfiguration;
			buildSettings = {
				ALWAYS_SEARCH_USER_PATHS = NO;
				CLANG_ANALYZER_NONNULL = YES;
				CLANG_ANALYZER_NUMBER_OBJECT_CONVERSION = YES_AGGRESSIVE;
				CLANG_CXX_LANGUAGE_STANDARD = "gnu++20";
				CLANG_ENABLE_MODULES = YES;
				CLANG_ENABLE_OBJC_ARC = YES;
				CLANG_ENABLE_OBJC_WEAK = YES;
				CLANG_WARN_BLOCK_CAPTURE_AUTORELEASING = YES;
				CLANG_WARN_BOOL_CONVERSION = YES;
				CLANG_WARN_COMMA = YES;
				CLANG_WARN_CONSTANT_CONVERSION = YES;
				CLANG_WARN_DEPRECATED_OBJC_IMPLEMENTATIONS = YES;
				CLANG_WARN_DIRECT_OBJC_ISA_USAGE = YES_ERROR;
				CLANG_WARN_DOCUMENTATION_COMMENTS = YES;
				CLANG_WARN_EMPTY_BODY = YES;
				CLANG_WARN_ENUM_CONVERSION = YES;
				CLANG_WARN_INFINITE_RECURSION = YES;
				CLANG_WARN_INT_CONVERSION = YES;
				CLANG_WARN_NON_LITERAL_NULL_CONVERSION = YES;
				CLANG_WARN_OBJC_IMPLICIT_RETAIN_SELF = YES;
				CLANG_WARN_OBJC_LITERAL_CONVERSION = YES;
				CLANG_WARN_OBJC_ROOT_CLASS = YES_ERROR;
				CLANG_WARN_QUOTED_INCLUDE_IN_FRAMEWORK_HEADER = YES;
				CLANG_WARN_RANGE_LOOP_ANALYSIS = YES;
				CLANG_WARN_STRICT_PROTOTYPES = YES;
				CLANG_WARN_SUSPICIOUS_MOVE = YES;
				CLANG_WARN_UNGUARDED_AVAILABILITY = YES_AGGRESSIVE;
				CLANG_WARN_UNREACHABLE_CODE = YES;
				CLANG_WARN__DUPLICATE_METHOD_MATCH = YES;
				COPY_PHASE_STRIP = NO;
				DEBUG_INFORMATION_FORMAT = dwarf;
				ENABLE_STRICT_OBJC_MSGSEND = YES;
				ENABLE_TESTABILITY = YES;
				GCC_C_LANGUAGE_STANDARD = gnu11;
				GCC_DYNAMIC_NO_PIC = NO;
				GCC_NO_COMMON_BLOCKS = YES;
				GCC_OPTIMIZATION_LEVEL = 0;
				GCC_PREPROCESSOR_DEFINITIONS = (
					"DEBUG=1",
					"$(inherited)",
				);
				GCC_WARN_64_TO_32_BIT_CONVERSION = YES;
				GCC_WARN_ABOUT_RETURN_TYPE = YES_ERROR;
				GCC_WARN_UNDECLARED_SELECTOR = YES;
				GCC_WARN_UNINITIALIZED_AUTOS = YES_AGGRESSIVE;
				GCC_WARN_UNUSED_FUNCTION = YES;
				GCC_WARN_UNUSED_VARIABLE = YES;
				IPHONEOS_DEPLOYMENT_TARGET = 16.4;
				MTL_ENABLE_DEBUG_INFO = INCLUDE_SOURCE;
				MTL_FAST_MATH = YES;
				ONLY_ACTIVE_ARCH = YES;
				SDKROOT = iphoneos;
				SWIFT_ACTIVE_COMPILATION_CONDITIONS = DEBUG;
				SWIFT_OPTIMIZATION_LEVEL = "-Onone";
			};
			name = Debug;
		};
		A8F10D882A008FB60015EC23 /* Release */ = {
			isa = XCBuildConfiguration;
			buildSettings = {
				ALWAYS_SEARCH_USER_PATHS = NO;
				CLANG_ANALYZER_NONNULL = YES;
				CLANG_ANALYZER_NUMBER_OBJECT_CONVERSION = YES_AGGRESSIVE;
				CLANG_CXX_LANGUAGE_STANDARD = "gnu++20";
				CLANG_ENABLE_MODULES = YES;
				CLANG_ENABLE_OBJC_ARC = YES;
				CLANG_ENABLE_OBJC_WEAK = YES;
				CLANG_WARN_BLOCK_CAPTURE_AUTORELEASING = YES;
				CLANG_WARN_BOOL_CONVERSION = YES;
				CLANG_WARN_COMMA = YES;
				CLANG_WARN_CONSTANT_CONVERSION = YES;
				CLANG_WARN_DEPRECATED_OBJC_IMPLEMENTATIONS = YES;
				CLANG_WARN_DIRECT_OBJC_ISA_USAGE = YES_ERROR;
				CLANG_WARN_DOCUMENTATION_COMMENTS = YES;
				CLANG_WARN_EMPTY_BODY = YES;
				CLANG_WARN_ENUM_CONVERSION = YES;
				CLANG_WARN_INFINITE_RECURSION = YES;
				CLANG_WARN_INT_CONVERSION = YES;
				CLANG_WARN_NON_LITERAL_NULL_CONVERSION = YES;
				CLANG_WARN_OBJC_IMPLICIT_RETAIN_SELF = YES;
				CLANG_WARN_OBJC_LITERAL_CONVERSION = YES;
				CLANG_WARN_OBJC_ROOT_CLASS = YES_ERROR;
				CLANG_WARN_QUOTED_INCLUDE_IN_FRAMEWORK_HEADER = YES;
				CLANG_WARN_RANGE_LOOP_ANALYSIS = YES;
				CLANG_WARN_STRICT_PROTOTYPES = YES;
				CLANG_WARN_SUSPICIOUS_MOVE = YES;
				CLANG_WARN_UNGUARDED_AVAILABILITY = YES_AGGRESSIVE;
				CLANG_WARN_UNREACHABLE_CODE = YES;
				CLANG_WARN__DUPLICATE_METHOD_MATCH = YES;
				COPY_PHASE_STRIP = NO;
				DEBUG_INFORMATION_FORMAT = "dwarf-with-dsym";
				ENABLE_NS_ASSERTIONS = NO;
				ENABLE_STRICT_OBJC_MSGSEND = YES;
				GCC_C_LANGUAGE_STANDARD = gnu11;
				GCC_NO_COMMON_BLOCKS = YES;
				GCC_WARN_64_TO_32_BIT_CONVERSION = YES;
				GCC_WARN_ABOUT_RETURN_TYPE = YES_ERROR;
				GCC_WARN_UNDECLARED_SELECTOR = YES;
				GCC_WARN_UNINITIALIZED_AUTOS = YES_AGGRESSIVE;
				GCC_WARN_UNUSED_FUNCTION = YES;
				GCC_WARN_UNUSED_VARIABLE = YES;
				IPHONEOS_DEPLOYMENT_TARGET = 16.4;
				MTL_ENABLE_DEBUG_INFO = NO;
				MTL_FAST_MATH = YES;
				SDKROOT = iphoneos;
				SWIFT_COMPILATION_MODE = wholemodule;
				SWIFT_OPTIMIZATION_LEVEL = "-O";
				VALIDATE_PRODUCT = YES;
			};
			name = Release;
		};
		A8F10D8A2A008FB60015EC23 /* Debug */ = {
			isa = XCBuildConfiguration;
			buildSettings = {
				ASSETCATALOG_COMPILER_APPICON_NAME = AppIcon;
				ASSETCATALOG_COMPILER_GLOBAL_ACCENT_COLOR_NAME = AccentColor;
				CODE_SIGN_IDENTITY = "Apple Development";
				CODE_SIGN_STYLE = Automatic;
				CURRENT_PROJECT_VERSION = 1;
				DEVELOPMENT_ASSET_PATHS = "\"SagakSagak/Preview Content\"";
				DEVELOPMENT_TEAM = XGHDQG66U5;
				ENABLE_PREVIEWS = YES;
				GENERATE_INFOPLIST_FILE = YES;
				INFOPLIST_FILE = SagakSagak/Info.plist;
				INFOPLIST_KEY_UIApplicationSceneManifest_Generation = YES;
				INFOPLIST_KEY_UIApplicationSupportsIndirectInputEvents = YES;
				INFOPLIST_KEY_UILaunchScreen_Generation = YES;
				INFOPLIST_KEY_UISupportedInterfaceOrientations = "UIInterfaceOrientationLandscapeLeft UIInterfaceOrientationLandscapeRight";
				IPHONEOS_DEPLOYMENT_TARGET = 16.0;
				LD_RUNPATH_SEARCH_PATHS = (
					"$(inherited)",
					"@executable_path/Frameworks",
				);
				MARKETING_VERSION = 1.0.0;
				PRODUCT_BUNDLE_IDENTIFIER = "com.alphacar.sagak-sagak";
				PRODUCT_NAME = "$(TARGET_NAME)";
				PROVISIONING_PROFILE_SPECIFIER = "";
				SWIFT_EMIT_LOC_STRINGS = YES;
				SWIFT_VERSION = 5.0;
				TARGETED_DEVICE_FAMILY = "1,2";
			};
			name = Debug;
		};
		A8F10D8B2A008FB60015EC23 /* Release */ = {
			isa = XCBuildConfiguration;
			buildSettings = {
				ASSETCATALOG_COMPILER_APPICON_NAME = AppIcon;
				ASSETCATALOG_COMPILER_GLOBAL_ACCENT_COLOR_NAME = AccentColor;
				CODE_SIGN_IDENTITY = "Apple Development";
				CODE_SIGN_STYLE = Automatic;
				CURRENT_PROJECT_VERSION = 1;
				DEVELOPMENT_ASSET_PATHS = "\"SagakSagak/Preview Content\"";
				DEVELOPMENT_TEAM = XGHDQG66U5;
				ENABLE_PREVIEWS = YES;
				GENERATE_INFOPLIST_FILE = YES;
				INFOPLIST_FILE = SagakSagak/Info.plist;
				INFOPLIST_KEY_UIApplicationSceneManifest_Generation = YES;
				INFOPLIST_KEY_UIApplicationSupportsIndirectInputEvents = YES;
				INFOPLIST_KEY_UILaunchScreen_Generation = YES;
				INFOPLIST_KEY_UISupportedInterfaceOrientations = "UIInterfaceOrientationLandscapeLeft UIInterfaceOrientationLandscapeRight";
				IPHONEOS_DEPLOYMENT_TARGET = 16.0;
				LD_RUNPATH_SEARCH_PATHS = (
					"$(inherited)",
					"@executable_path/Frameworks",
				);
				MARKETING_VERSION = 1.0.0;
				PRODUCT_BUNDLE_IDENTIFIER = "com.alphacar.sagak-sagak";
				PRODUCT_NAME = "$(TARGET_NAME)";
				PROVISIONING_PROFILE_SPECIFIER = "";
				SWIFT_EMIT_LOC_STRINGS = YES;
				SWIFT_VERSION = 5.0;
				TARGETED_DEVICE_FAMILY = "1,2";
			};
			name = Release;
		};
/* End XCBuildConfiguration section */

/* Begin XCConfigurationList section */
		A8F10D762A008FB50015EC23 /* Build configuration list for PBXProject "SagakSagak" */ = {
			isa = XCConfigurationList;
			buildConfigurations = (
				A8F10D872A008FB60015EC23 /* Debug */,
				A8F10D882A008FB60015EC23 /* Release */,
			);
			defaultConfigurationIsVisible = 0;
			defaultConfigurationName = Release;
		};
		A8F10D892A008FB60015EC23 /* Build configuration list for PBXNativeTarget "SagakSagak" */ = {
			isa = XCConfigurationList;
			buildConfigurations = (
				A8F10D8A2A008FB60015EC23 /* Debug */,
				A8F10D8B2A008FB60015EC23 /* Release */,
			);
			defaultConfigurationIsVisible = 0;
			defaultConfigurationName = Release;
		};
/* End XCConfigurationList section */

/* Begin XCRemoteSwiftPackageReference section */
		A83D72982A07938600119DB9 /* XCRemoteSwiftPackageReference "swift-composable-architecture" */ = {
			isa = XCRemoteSwiftPackageReference;
			repositoryURL = "https://github.com/pointfreeco/swift-composable-architecture";
			requirement = {
				branch = main;
				kind = branch;
			};
		};
/* End XCRemoteSwiftPackageReference section */

/* Begin XCSwiftPackageProductDependency section */
		A83D72992A07938600119DB9 /* ComposableArchitecture */ = {
			isa = XCSwiftPackageProductDependency;
			package = A83D72982A07938600119DB9 /* XCRemoteSwiftPackageReference "swift-composable-architecture" */;
			productName = ComposableArchitecture;
		};
/* End XCSwiftPackageProductDependency section */
	};
	rootObject = A8F10D732A008FB50015EC23 /* Project object */;
}
